{
  "requires": true,
  "lockfileVersion": 1,
  "dependencies": {
    "js.device.detector": {
      "version": "1.0.3",
      "resolved": "https://registry.npmjs.org/js.device.detector/-/js.device.detector-1.0.3.tgz",
      "integrity": "sha512-PtBn/R6mScaEfAT4KTxiHl+PJNl5fC9tpXJkWPzX8Ubrkrd0ydg7W6gxIIKWBMtLDuKXQjrV2sngaB58I9f3VQ=="
    }
  }
}
